
Microsoft Visual Studio Solution File, Format Version 12.00
# Visual Studio Version 16
VisualStudioVersion = 16.0.30011.22
MinimumVisualStudioVersion = 10.0.40219.1
Project("{FAE04EC0-301F-11D3-BF4B-00C04F79EFBC}") = "While_for", "While_for\While_for.csproj", "{DD9F5CC2-B503-4B8F-A4AF-47E1050F6A60}"
EndProject
Global
	GlobalSection(SolutionConfigurationPlatforms) = preSolution
		Debug|Any CPU = Debug|Any CPU
		Release|Any CPU = Release|Any CPU
	EndGlobalSection
	GlobalSection(ProjectConfigurationPlatforms) = postSolution
		{DD9F5CC2-B503-4B8F-A4AF-47E1050F6A60}.Debug|Any CPU.ActiveCfg = Debug|Any CPU
		{DD9F5CC2-B503-4B8F-A4AF-47E1050F6A60}.Debug|Any CPU.Build.0 = Debug|Any CPU
		{DD9F5CC2-B503-4B8F-A4AF-47E1050F6A60}.Release|Any CPU.ActiveCfg = Release|Any CPU
		{DD9F5CC2-B503-4B8F-A4AF-47E1050F6A60}.Release|Any CPU.Build.0 = Release|Any CPU
	EndGlobalSection
	GlobalSection(SolutionProperties) = preSolution
		HideSolutionNode = FALSE
	EndGlobalSection
	GlobalSection(ExtensibilityGlobals) = postSolution
		SolutionGuid = {958A583F-EE81-4610-8415-5CE4189B4CC4}
	EndGlobalSection
EndGlobal
