
Microsoft Visual Studio Solution File, Format Version 12.00
# Visual Studio Version 16
VisualStudioVersion = 16.0.30104.148
MinimumVisualStudioVersion = 10.0.40219.1
Project("{00D1A9C2-B5F0-4AF3-8072-F6C62B433612}") = "BancoDeDados", "BancoDeDados\BancoDeDados.sqlproj", "{2A173AD0-DC3E-49ED-9FF9-FC51C1ED46BF}"
EndProject
Global
	GlobalSection(SolutionConfigurationPlatforms) = preSolution
		Debug|Any CPU = Debug|Any CPU
		Release|Any CPU = Release|Any CPU
	EndGlobalSection
	GlobalSection(ProjectConfigurationPlatforms) = postSolution
		{2A173AD0-DC3E-49ED-9FF9-FC51C1ED46BF}.Debug|Any CPU.ActiveCfg = Debug|Any CPU
		{2A173AD0-DC3E-49ED-9FF9-FC51C1ED46BF}.Debug|Any CPU.Build.0 = Debug|Any CPU
		{2A173AD0-DC3E-49ED-9FF9-FC51C1ED46BF}.Debug|Any CPU.Deploy.0 = Debug|Any CPU
		{2A173AD0-DC3E-49ED-9FF9-FC51C1ED46BF}.Release|Any CPU.ActiveCfg = Release|Any CPU
		{2A173AD0-DC3E-49ED-9FF9-FC51C1ED46BF}.Release|Any CPU.Build.0 = Release|Any CPU
		{2A173AD0-DC3E-49ED-9FF9-FC51C1ED46BF}.Release|Any CPU.Deploy.0 = Release|Any CPU
	EndGlobalSection
	GlobalSection(SolutionProperties) = preSolution
		HideSolutionNode = FALSE
	EndGlobalSection
	GlobalSection(ExtensibilityGlobals) = postSolution
		SolutionGuid = {F11F4CA0-976B-4844-990B-FE8FDDE6516E}
	EndGlobalSection
EndGlobal
