
Microsoft Visual Studio Solution File, Format Version 12.00
# Visual Studio Version 16
VisualStudioVersion = 16.0.30011.22
MinimumVisualStudioVersion = 10.0.40219.1
Project("{FAE04EC0-301F-11D3-BF4B-00C04F79EFBC}") = "Testa_FOR", "Testa_FOR\Testa_FOR.csproj", "{77B18DED-D7A1-4B3F-AC8D-6C8871416DCB}"
EndProject
Global
	GlobalSection(SolutionConfigurationPlatforms) = preSolution
		Debug|Any CPU = Debug|Any CPU
		Release|Any CPU = Release|Any CPU
	EndGlobalSection
	GlobalSection(ProjectConfigurationPlatforms) = postSolution
		{77B18DED-D7A1-4B3F-AC8D-6C8871416DCB}.Debug|Any CPU.ActiveCfg = Debug|Any CPU
		{77B18DED-D7A1-4B3F-AC8D-6C8871416DCB}.Debug|Any CPU.Build.0 = Debug|Any CPU
		{77B18DED-D7A1-4B3F-AC8D-6C8871416DCB}.Release|Any CPU.ActiveCfg = Release|Any CPU
		{77B18DED-D7A1-4B3F-AC8D-6C8871416DCB}.Release|Any CPU.Build.0 = Release|Any CPU
	EndGlobalSection
	GlobalSection(SolutionProperties) = preSolution
		HideSolutionNode = FALSE
	EndGlobalSection
	GlobalSection(ExtensibilityGlobals) = postSolution
		SolutionGuid = {001FE3CF-A312-4FBC-A45F-F200733AAC37}
	EndGlobalSection
EndGlobal
