
Microsoft Visual Studio Solution File, Format Version 12.00
# Visual Studio Version 16
VisualStudioVersion = 16.0.30011.22
MinimumVisualStudioVersion = 10.0.40219.1
Project("{FAE04EC0-301F-11D3-BF4B-00C04F79EFBC}") = "Arrays", "Arrays\Arrays.csproj", "{C6182BD3-6DEE-4DB2-9CC5-13033E92F3A8}"
EndProject
Global
	GlobalSection(SolutionConfigurationPlatforms) = preSolution
		Debug|Any CPU = Debug|Any CPU
		Release|Any CPU = Release|Any CPU
	EndGlobalSection
	GlobalSection(ProjectConfigurationPlatforms) = postSolution
		{C6182BD3-6DEE-4DB2-9CC5-13033E92F3A8}.Debug|Any CPU.ActiveCfg = Debug|Any CPU
		{C6182BD3-6DEE-4DB2-9CC5-13033E92F3A8}.Debug|Any CPU.Build.0 = Debug|Any CPU
		{C6182BD3-6DEE-4DB2-9CC5-13033E92F3A8}.Release|Any CPU.ActiveCfg = Release|Any CPU
		{C6182BD3-6DEE-4DB2-9CC5-13033E92F3A8}.Release|Any CPU.Build.0 = Release|Any CPU
	EndGlobalSection
	GlobalSection(SolutionProperties) = preSolution
		HideSolutionNode = FALSE
	EndGlobalSection
	GlobalSection(ExtensibilityGlobals) = postSolution
		SolutionGuid = {6C59046D-762A-423D-92AA-B2E42F55DE5A}
	EndGlobalSection
EndGlobal
