
Microsoft Visual Studio Solution File, Format Version 12.00
# Visual Studio Version 16
VisualStudioVersion = 16.0.30011.22
MinimumVisualStudioVersion = 10.0.40219.1
Project("{FAE04EC0-301F-11D3-BF4B-00C04F79EFBC}") = "Condicao_if", "Condicao_if\Condicao_if.csproj", "{87A08AFE-6D0A-45F2-A9DD-777302E58922}"
EndProject
Global
	GlobalSection(SolutionConfigurationPlatforms) = preSolution
		Debug|Any CPU = Debug|Any CPU
		Release|Any CPU = Release|Any CPU
	EndGlobalSection
	GlobalSection(ProjectConfigurationPlatforms) = postSolution
		{87A08AFE-6D0A-45F2-A9DD-777302E58922}.Debug|Any CPU.ActiveCfg = Debug|Any CPU
		{87A08AFE-6D0A-45F2-A9DD-777302E58922}.Debug|Any CPU.Build.0 = Debug|Any CPU
		{87A08AFE-6D0A-45F2-A9DD-777302E58922}.Release|Any CPU.ActiveCfg = Release|Any CPU
		{87A08AFE-6D0A-45F2-A9DD-777302E58922}.Release|Any CPU.Build.0 = Release|Any CPU
	EndGlobalSection
	GlobalSection(SolutionProperties) = preSolution
		HideSolutionNode = FALSE
	EndGlobalSection
	GlobalSection(ExtensibilityGlobals) = postSolution
		SolutionGuid = {74AA0903-2680-4C59-83CF-4A62FB71A9ED}
	EndGlobalSection
EndGlobal
